{
  "name": "BotWA",
  "lockfileVersion": 2,
  "requires": true,
  "packages": {
    "": {
      "dependencies": {
        "repeating": "^4.0.0"
      }
    },
    "node_modules/repeating": {
      "version": "4.0.0",
      "resolved": "https://registry.npmjs.org/repeating/-/repeating-4.0.0.tgz",
      "integrity": "sha512-wybN0Oi4s+to0yHMzZGbUgUR10107oB0HzUNqCrLQNw5sYIRhx+xp3L03KPqYkBxG0ilfX//vGT2PyNfUfOxYw==",
      "engines": {
        "node": ">=12"
      },
      "funding": {
        "url": "https://github.com/sponsors/sindresorhus"
      }
    }
  },
  "dependencies": {
    "repeating": {
      "version": "4.0.0",
      "resolved": "https://registry.npmjs.org/repeating/-/repeating-4.0.0.tgz",
      "integrity": "sha512-wybN0Oi4s+to0yHMzZGbUgUR10107oB0HzUNqCrLQNw5sYIRhx+xp3L03KPqYkBxG0ilfX//vGT2PyNfUfOxYw=="
    }
  }
}
